
Microsoft Visual Studio Solution File, Format Version 12.00
# Visual Studio 14
VisualStudioVersion = 14.0.24720.0
MinimumVisualStudioVersion = 10.0.40219.1
Project("{FAE04EC0-301F-11D3-BF4B-00C04F79EFBC}") = "CloudFlareUtilities", "CloudFlareUtilities\CloudFlareUtilities.csproj", "{0E2C040D-3F8D-4D96-94A4-EB752B8503C5}"
EndProject
Project("{FAE04EC0-301F-11D3-BF4B-00C04F79EFBC}") = "CloudFlareUtilities.ClearanceExample", "CloudFlareUtilities.ClearanceExample\CloudFlareUtilities.ClearanceExample.csproj", "{4F4B0224-A2F7-48E5-BC92-3B61166A0548}"
EndProject
Project("{2150E333-8FDC-42A3-9474-1A3956D46DE8}") = "Examples", "Examples", "{35AE7C83-F762-4ACE-8F68-681095A06B6F}"
EndProject
Project("{FAE04EC0-301F-11D3-BF4B-00C04F79EFBC}") = "CloudFlareUtilities.Tests", "CloudFlareUtilities.Tests\CloudFlareUtilities.Tests.csproj", "{CEE2B62C-8CAC-489A-A7B3-ED786C6483BF}"
EndProject
Global
	GlobalSection(SolutionConfigurationPlatforms) = preSolution
		Debug|Any CPU = Debug|Any CPU
		Release|Any CPU = Release|Any CPU
	EndGlobalSection
	GlobalSection(ProjectConfigurationPlatforms) = postSolution
		{0E2C040D-3F8D-4D96-94A4-EB752B8503C5}.Debug|Any CPU.ActiveCfg = Debug|Any CPU
		{0E2C040D-3F8D-4D96-94A4-EB752B8503C5}.Debug|Any CPU.Build.0 = Debug|Any CPU
		{0E2C040D-3F8D-4D96-94A4-EB752B8503C5}.Release|Any CPU.ActiveCfg = Release|Any CPU
		{0E2C040D-3F8D-4D96-94A4-EB752B8503C5}.Release|Any CPU.Build.0 = Release|Any CPU
		{4F4B0224-A2F7-48E5-BC92-3B61166A0548}.Debug|Any CPU.ActiveCfg = Debug|Any CPU
		{4F4B0224-A2F7-48E5-BC92-3B61166A0548}.Debug|Any CPU.Build.0 = Debug|Any CPU
		{4F4B0224-A2F7-48E5-BC92-3B61166A0548}.Release|Any CPU.ActiveCfg = Release|Any CPU
		{4F4B0224-A2F7-48E5-BC92-3B61166A0548}.Release|Any CPU.Build.0 = Release|Any CPU
		{CEE2B62C-8CAC-489A-A7B3-ED786C6483BF}.Debug|Any CPU.ActiveCfg = Debug|Any CPU
		{CEE2B62C-8CAC-489A-A7B3-ED786C6483BF}.Debug|Any CPU.Build.0 = Debug|Any CPU
		{CEE2B62C-8CAC-489A-A7B3-ED786C6483BF}.Release|Any CPU.ActiveCfg = Release|Any CPU
		{CEE2B62C-8CAC-489A-A7B3-ED786C6483BF}.Release|Any CPU.Build.0 = Release|Any CPU
	EndGlobalSection
	GlobalSection(SolutionProperties) = preSolution
		HideSolutionNode = FALSE
	EndGlobalSection
	GlobalSection(NestedProjects) = preSolution
		{4F4B0224-A2F7-48E5-BC92-3B61166A0548} = {35AE7C83-F762-4ACE-8F68-681095A06B6F}
	EndGlobalSection
EndGlobal
